// !$*UTF8*$!
{
	archiveVersion = 1;
	classes = {
	};
	objectVersion = 50;
	objects = {

/* Begin PBXBuildFile section */
		1807C01B22BC0E9800D11A9B /* AppDelegate.swift in Sources */ = {isa = PBXBuildFile; fileRef = 1807C01A22BC0E9800D11A9B /* AppDelegate.swift */; };
		1807C01D22BC0E9800D11A9B /* ViewController.swift in Sources */ = {isa = PBXBuildFile; fileRef = 1807C01C22BC0E9800D11A9B /* ViewController.swift */; };
		1807C02022BC0E9800D11A9B /* Main.storyboard in Resources */ = {isa = PBXBuildFile; fileRef = 1807C01E22BC0E9800D11A9B /* Main.storyboard */; };
		1807C02222BC0E9A00D11A9B /* Assets.xcassets in Resources */ = {isa = PBXBuildFile; fileRef = 1807C02122BC0E9A00D11A9B /* Assets.xcassets */; };
		1807C02522BC0E9A00D11A9B /* LaunchScreen.storyboard in Resources */ = {isa = PBXBuildFile; fileRef = 1807C02322BC0E9A00D11A9B /* LaunchScreen.storyboard */; };
		1807C03022BC0E9A00D11A9B /* emojionalTests.swift in Sources */ = {isa = PBXBuildFile; fileRef = 1807C02F22BC0E9A00D11A9B /* emojionalTests.swift */; };
		1807C03B22BC0E9A00D11A9B /* emojionalUITests.swift in Sources */ = {isa = PBXBuildFile; fileRef = 1807C03A22BC0E9A00D11A9B /* emojionalUITests.swift */; };
/* End PBXBuildFile section */

/* Begin PBXContainerItemProxy section */
		1807C02C22BC0E9A00D11A9B /* PBXContainerItemProxy */ = {
			isa = PBXContainerItemProxy;
			containerPortal = 1807C00F22BC0E9800D11A9B /* Project object */;
			proxyType = 1;
			remoteGlobalIDString = 1807C01622BC0E9800D11A9B;
			remoteInfo = emojional;
		};
		1807C03722BC0E9A00D11A9B /* PBXContainerItemProxy */ = {
			isa = PBXContainerItemProxy;
			containerPortal = 1807C00F22BC0E9800D11A9B /* Project object */;
			proxyType = 1;
			remoteGlobalIDString = 1807C01622BC0E9800D11A9B;
			remoteInfo = emojional;
		};
/* End PBXContainerItemProxy section */

/* Begin PBXFileReference section */
		1807C01722BC0E9800D11A9B /* emojional.app */ = {isa = PBXFileReference; explicitFileType = wrapper.application; includeInIndex = 0; path = emojional.app; sourceTree = BUILT_PRODUCTS_DIR; };
		1807C01A22BC0E9800D11A9B /* AppDelegate.swift */ = {isa = PBXFileReference; lastKnownFileType = sourcecode.swift; path = AppDelegate.swift; sourceTree = "<group>"; };
		1807C01C22BC0E9800D11A9B /* ViewController.swift */ = {isa = PBXFileReference; lastKnownFileType = sourcecode.swift; path = ViewController.swift; sourceTree = "<group>"; };
		1807C01F22BC0E9800D11A9B /* Base */ = {isa = PBXFileReference; lastKnownFileType = file.storyboard; name = Base; path = Base.lproj/Main.storyboard; sourceTree = "<group>"; };
		1807C02122BC0E9A00D11A9B /* Assets.xcassets */ = {isa = PBXFileReference; lastKnownFileType = folder.assetcatalog; path = Assets.xcassets; sourceTree = "<group>"; };
		1807C02422BC0E9A00D11A9B /* Base */ = {isa = PBXFileReference; lastKnownFileType = file.storyboard; name = Base; path = Base.lproj/LaunchScreen.storyboard; sourceTree = "<group>"; };
		1807C02622BC0E9A00D11A9B /* Info.plist */ = {isa = PBXFileReference; lastKnownFileType = text.plist.xml; path = Info.plist; sourceTree = "<group>"; };
		1807C02B22BC0E9A00D11A9B /* emojionalTests.xctest */ = {isa = PBXFileReference; explicitFileType = wrapper.cfbundle; includeInIndex = 0; path = emojionalTests.xctest; sourceTree = BUILT_PRODUCTS_DIR; };
		1807C02F22BC0E9A00D11A9B /* emojionalTests.swift */ = {isa = PBXFileReference; lastKnownFileType = sourcecode.swift; path = emojionalTests.swift; sourceTree = "<group>"; };
		1807C03122BC0E9A00D11A9B /* Info.plist */ = {isa = PBXFileReference; lastKnownFileType = text.plist.xml; path = Info.plist; sourceTree = "<group>"; };
		1807C03622BC0E9A00D11A9B /* emojionalUITests.xctest */ = {isa = PBXFileReference; explicitFileType = wrapper.cfbundle; includeInIndex = 0; path = emojionalUITests.xctest; sourceTree = BUILT_PRODUCTS_DIR; };
		1807C03A22BC0E9A00D11A9B /* emojionalUITests.swift */ = {isa = PBXFileReference; lastKnownFileType = sourcecode.swift; path = emojionalUITests.swift; sourceTree = "<group>"; };
		1807C03C22BC0E9A00D11A9B /* Info.plist */ = {isa = PBXFileReference; lastKnownFileType = text.plist.xml; path = Info.plist; sourceTree = "<group>"; };
/* End PBXFileReference section */

/* Begin PBXFrameworksBuildPhase section */
		1807C01422BC0E9800D11A9B /* Frameworks */ = {
			isa = PBXFrameworksBuildPhase;
			buildActionMask = 2147483647;
			files = (
			);
			runOnlyForDeploymentPostprocessing = 0;
		};
		1807C02822BC0E9A00D11A9B /* Frameworks */ = {
			isa = PBXFrameworksBuildPhase;
			buildActionMask = 2147483647;
			files = (
			);
			runOnlyForDeploymentPostprocessing = 0;
		};
		1807C03322BC0E9A00D11A9B /* Frameworks */ = {
			isa = PBXFrameworksBuildPhase;
			buildActionMask = 2147483647;
			files = (
			);
			runOnlyForDeploymentPostprocessing = 0;
		};
/* End PBXFrameworksBuildPhase section */

/* Begin PBXGroup section */
		1807C00E22BC0E9800D11A9B = {
			isa = PBXGroup;
			children = (
				1807C01922BC0E9800D11A9B /* emojional */,
				1807C02E22BC0E9A00D11A9B /* emojionalTests */,
				1807C03922BC0E9A00D11A9B /* emojionalUITests */,
				1807C01822BC0E9800D11A9B /* Products */,
			);
			sourceTree = "<group>";
		};
		1807C01822BC0E9800D11A9B /* Products */ = {
			isa = PBXGroup;
			children = (
				1807C01722BC0E9800D11A9B /* emojional.app */,
				1807C02B22BC0E9A00D11A9B /* emojionalTests.xctest */,
				1807C03622BC0E9A00D11A9B /* emojionalUITests.xctest */,
			);
			name = Products;
			sourceTree = "<group>";
		};
		1807C01922BC0E9800D11A9B /* emojional */ = {
			isa = PBXGroup;
			children = (
				1807C01A22BC0E9800D11A9B /* AppDelegate.swift */,
				1807C01C22BC0E9800D11A9B /* ViewController.swift */,
				1807C01E22BC0E9800D11A9B /* Main.storyboard */,
				1807C02122BC0E9A00D11A9B /* Assets.xcassets */,
				1807C02322BC0E9A00D11A9B /* LaunchScreen.storyboard */,
				1807C02622BC0E9A00D11A9B /* Info.plist */,
			);
			path = emojional;
			sourceTree = "<group>";
		};
		1807C02E22BC0E9A00D11A9B /* emojionalTests */ = {
			isa = PBXGroup;
			children = (
				1807C02F22BC0E9A00D11A9B /* emojionalTests.swift */,
				1807C03122BC0E9A00D11A9B /* Info.plist */,
			);
			path = emojionalTests;
			sourceTree = "<group>";
		};
		1807C03922BC0E9A00D11A9B /* emojionalUITests */ = {
			isa = PBXGroup;
			children = (
				1807C03A22BC0E9A00D11A9B /* emojionalUITests.swift */,
				1807C03C22BC0E9A00D11A9B /* Info.plist */,
			);
			path = emojionalUITests;
			sourceTree = "<group>";
		};
/* End PBXGroup section */

/* Begin PBXNativeTarget section */
		1807C01622BC0E9800D11A9B /* emojional */ = {
			isa = PBXNativeTarget;
			buildConfigurationList = 1807C03F22BC0E9A00D11A9B /* Build configuration list for PBXNativeTarget "emojional" */;
			buildPhases = (
				1807C01322BC0E9800D11A9B /* Sources */,
				1807C01422BC0E9800D11A9B /* Frameworks */,
				1807C01522BC0E9800D11A9B /* Resources */,
			);
			buildRules = (
			);
			dependencies = (
			);
			name = emojional;
			productName = emojional;
			productReference = 1807C01722BC0E9800D11A9B /* emojional.app */;
			productType = "com.apple.product-type.application";
		};
		1807C02A22BC0E9A00D11A9B /* emojionalTests */ = {
			isa = PBXNativeTarget;
			buildConfigurationList = 1807C04222BC0E9A00D11A9B /* Build configuration list for PBXNativeTarget "emojionalTests" */;
			buildPhases = (
				1807C02722BC0E9A00D11A9B /* Sources */,
				1807C02822BC0E9A00D11A9B /* Frameworks */,
				1807C02922BC0E9A00D11A9B /* Resources */,
			);
			buildRules = (
			);
			dependencies = (
				1807C02D22BC0E9A00D11A9B /* PBXTargetDependency */,
			);
			name = emojionalTests;
			productName = emojionalTests;
			productReference = 1807C02B22BC0E9A00D11A9B /* emojionalTests.xctest */;
			productType = "com.apple.product-type.bundle.unit-test";
		};
		1807C03522BC0E9A00D11A9B /* emojionalUITests */ = {
			isa = PBXNativeTarget;
			buildConfigurationList = 1807C04522BC0E9A00D11A9B /* Build configuration list for PBXNativeTarget "emojionalUITests" */;
			buildPhases = (
				1807C03222BC0E9A00D11A9B /* Sources */,
				1807C03322BC0E9A00D11A9B /* Frameworks */,
				1807C03422BC0E9A00D11A9B /* Resources */,
			);
			buildRules = (
			);
			dependencies = (
				1807C03822BC0E9A00D11A9B /* PBXTargetDependency */,
			);
			name = emojionalUITests;
			productName = emojionalUITests;
			productReference = 1807C03622BC0E9A00D11A9B /* emojionalUITests.xctest */;
			productType = "com.apple.product-type.bundle.ui-testing";
		};
/* End PBXNativeTarget section */

/* Begin PBXProject section */
		1807C00F22BC0E9800D11A9B /* Project object */ = {
			isa = PBXProject;
			attributes = {
				LastSwiftUpdateCheck = 1020;
				LastUpgradeCheck = 1020;
				ORGANIZATIONNAME = Apple;
				TargetAttributes = {
					1807C01622BC0E9800D11A9B = {
						CreatedOnToolsVersion = 10.2.1;
					};
					1807C02A22BC0E9A00D11A9B = {
						CreatedOnToolsVersion = 10.2.1;
						TestTargetID = 1807C01622BC0E9800D11A9B;
					};
					1807C03522BC0E9A00D11A9B = {
						CreatedOnToolsVersion = 10.2.1;
						TestTargetID = 1807C01622BC0E9800D11A9B;
					};
				};
			};
			buildConfigurationList = 1807C01222BC0E9800D11A9B /* Build configuration list for PBXProject "emojional" */;
			compatibilityVersion = "Xcode 9.3";
			developmentRegion = en;
			hasScannedForEncodings = 0;
			knownRegions = (
				en,
				Base,
			);
			mainGroup = 1807C00E22BC0E9800D11A9B;
			productRefGroup = 1807C01822BC0E9800D11A9B /* Products */;
			projectDirPath = "";
			projectRoot = "";
			targets = (
				1807C01622BC0E9800D11A9B /* emojional */,
				1807C02A22BC0E9A00D11A9B /* emojionalTests */,
				1807C03522BC0E9A00D11A9B /* emojionalUITests */,
			);
		};
/* End PBXProject section */

/* Begin PBXResourcesBuildPhase section */
		1807C01522BC0E9800D11A9B /* Resources */ = {
			isa = PBXResourcesBuildPhase;
			buildActionMask = 2147483647;
			files = (
				1807C02522BC0E9A00D11A9B /* LaunchScreen.storyboard in Resources */,
				1807C02222BC0E9A00D11A9B /* Assets.xcassets in Resources */,
				1807C02022BC0E9800D11A9B /* Main.storyboard in Resources */,
			);
			runOnlyForDeploymentPostprocessing = 0;
		};
		1807C02922BC0E9A00D11A9B /* Resources */ = {
			isa = PBXResourcesBuildPhase;
			buildActionMask = 2147483647;
			files = (
			);
			runOnlyForDeploymentPostprocessing = 0;
		};
		1807C03422BC0E9A00D11A9B /* Resources */ = {
			isa = PBXResourcesBuildPhase;
			buildActionMask = 2147483647;
			files = (
			);
			runOnlyForDeploymentPostprocessing = 0;
		};
/* End PBXResourcesBuildPhase section */

/* Begin PBXSourcesBuildPhase section */
		1807C01322BC0E9800D11A9B /* Sources */ = {
			isa = PBXSourcesBuildPhase;
			buildActionMask = 2147483647;
			files = (
				1807C01D22BC0E9800D11A9B /* ViewController.swift in Sources */,
				1807C01B22BC0E9800D11A9B /* AppDelegate.swift in Sources */,
			);
			runOnlyForDeploymentPostprocessing = 0;
		};
		1807C02722BC0E9A00D11A9B /* Sources */ = {
			isa = PBXSourcesBuildPhase;
			buildActionMask = 2147483647;
			files = (
				1807C03022BC0E9A00D11A9B /* emojionalTests.swift in Sources */,
			);
			runOnlyForDeploymentPostprocessing = 0;
		};
		1807C03222BC0E9A00D11A9B /* Sources */ = {
			isa = PBXSourcesBuildPhase;
			buildActionMask = 2147483647;
			files = (
				1807C03B22BC0E9A00D11A9B /* emojionalUITests.swift in Sources */,
			);
			runOnlyForDeploymentPostprocessing = 0;
		};
/* End PBXSourcesBuildPhase section */

/* Begin PBXTargetDependency section */
		1807C02D22BC0E9A00D11A9B /* PBXTargetDependency */ = {
			isa = PBXTargetDependency;
			target = 1807C01622BC0E9800D11A9B /* emojional */;
			targetProxy = 1807C02C22BC0E9A00D11A9B /* PBXContainerItemProxy */;
		};
		1807C03822BC0E9A00D11A9B /* PBXTargetDependency */ = {
			isa = PBXTargetDependency;
			target = 1807C01622BC0E9800D11A9B /* emojional */;
			targetProxy = 1807C03722BC0E9A00D11A9B /* PBXContainerItemProxy */;
		};
/* End PBXTargetDependency section */

/* Begin PBXVariantGroup section */
		1807C01E22BC0E9800D11A9B /* Main.storyboard */ = {
			isa = PBXVariantGroup;
			children = (
				1807C01F22BC0E9800D11A9B /* Base */,
			);
			name = Main.storyboard;
			sourceTree = "<group>";
		};
		1807C02322BC0E9A00D11A9B /* LaunchScreen.storyboard */ = {
			isa = PBXVariantGroup;
			children = (
				1807C02422BC0E9A00D11A9B /* Base */,
			);
			name = LaunchScreen.storyboard;
			sourceTree = "<group>";
		};
/* End PBXVariantGroup section */

/* Begin XCBuildConfiguration section */
		1807C03D22BC0E9A00D11A9B /* Debug */ = {
			isa = XCBuildConfiguration;
			buildSettings = {
				ALWAYS_SEARCH_USER_PATHS = NO;
				CLANG_ANALYZER_NONNULL = YES;
				CLANG_ANALYZER_NUMBER_OBJECT_CONVERSION = YES_AGGRESSIVE;
				CLANG_CXX_LANGUAGE_STANDARD = "gnu++14";
				CLANG_CXX_LIBRARY = "libc++";
				CLANG_ENABLE_MODULES = YES;
				CLANG_ENABLE_OBJC_ARC = YES;
				CLANG_ENABLE_OBJC_WEAK = YES;
				CLANG_WARN_BLOCK_CAPTURE_AUTORELEASING = YES;
				CLANG_WARN_BOOL_CONVERSION = YES;
				CLANG_WARN_COMMA = YES;
				CLANG_WARN_CONSTANT_CONVERSION = YES;
				CLANG_WARN_DEPRECATED_OBJC_IMPLEMENTATIONS = YES;
				CLANG_WARN_DIRECT_OBJC_ISA_USAGE = YES_ERROR;
				CLANG_WARN_DOCUMENTATION_COMMENTS = YES;
				CLANG_WARN_EMPTY_BODY = YES;
				CLANG_WARN_ENUM_CONVERSION = YES;
				CLANG_WARN_INFINITE_RECURSION = YES;
				CLANG_WARN_INT_CONVERSION = YES;
				CLANG_WARN_NON_LITERAL_NULL_CONVERSION = YES;
				CLANG_WARN_OBJC_IMPLICIT_RETAIN_SELF = YES;
				CLANG_WARN_OBJC_LITERAL_CONVERSION = YES;
				CLANG_WARN_OBJC_ROOT_CLASS = YES_ERROR;
				CLANG_WARN_RANGE_LOOP_ANALYSIS = YES;
				CLANG_WARN_STRICT_PROTOTYPES = YES;
				CLANG_WARN_SUSPICIOUS_MOVE = YES;
				CLANG_WARN_UNGUARDED_AVAILABILITY = YES_AGGRESSIVE;
				CLANG_WARN_UNREACHABLE_CODE = YES;
				CLANG_WARN__DUPLICATE_METHOD_MATCH = YES;
				CODE_SIGN_IDENTITY = "iPhone Developer";
				COPY_PHASE_STRIP = NO;
				DEBUG_INFORMATION_FORMAT = dwarf;
				ENABLE_STRICT_OBJC_MSGSEND = YES;
				ENABLE_TESTABILITY = YES;
				GCC_C_LANGUAGE_STANDARD = gnu11;
				GCC_DYNAMIC_NO_PIC = NO;
				GCC_NO_COMMON_BLOCKS = YES;
				GCC_OPTIMIZATION_LEVEL = 0;
				GCC_PREPROCESSOR_DEFINITIONS = (
					"DEBUG=1",
					"$(inherited)",
				);
				GCC_WARN_64_TO_32_BIT_CONVERSION = YES;
				GCC_WARN_ABOUT_RETURN_TYPE = YES_ERROR;
				GCC_WARN_UNDECLARED_SELECTOR = YES;
				GCC_WARN_UNINITIALIZED_AUTOS = YES_AGGRESSIVE;
				GCC_WARN_UNUSED_FUNCTION = YES;
				GCC_WARN_UNUSED_VARIABLE = YES;
				IPHONEOS_DEPLOYMENT_TARGET = 12.2;
				MTL_ENABLE_DEBUG_INFO = INCLUDE_SOURCE;
				MTL_FAST_MATH = YES;
				ONLY_ACTIVE_ARCH = YES;
				SDKROOT = iphoneos;
				SWIFT_ACTIVE_COMPILATION_CONDITIONS = DEBUG;
				SWIFT_OPTIMIZATION_LEVEL = "-Onone";
			};
			name = Debug;
		};
		1807C03E22BC0E9A00D11A9B /* Release */ = {
			isa = XCBuildConfiguration;
			buildSettings = {
				ALWAYS_SEARCH_USER_PATHS = NO;
				CLANG_ANALYZER_NONNULL = YES;
				CLANG_ANALYZER_NUMBER_OBJECT_CONVERSION = YES_AGGRESSIVE;
				CLANG_CXX_LANGUAGE_STANDARD = "gnu++14";
				CLANG_CXX_LIBRARY = "libc++";
				CLANG_ENABLE_MODULES = YES;
				CLANG_ENABLE_OBJC_ARC = YES;
				CLANG_ENABLE_OBJC_WEAK = YES;
				CLANG_WARN_BLOCK_CAPTURE_AUTORELEASING = YES;
				CLANG_WARN_BOOL_CONVERSION = YES;
				CLANG_WARN_COMMA = YES;
				CLANG_WARN_CONSTANT_CONVERSION = YES;
				CLANG_WARN_DEPRECATED_OBJC_IMPLEMENTATIONS = YES;
				CLANG_WARN_DIRECT_OBJC_ISA_USAGE = YES_ERROR;
				CLANG_WARN_DOCUMENTATION_COMMENTS = YES;
				CLANG_WARN_EMPTY_BODY = YES;
				CLANG_WARN_ENUM_CONVERSION = YES;
				CLANG_WARN_INFINITE_RECURSION = YES;
				CLANG_WARN_INT_CONVERSION = YES;
				CLANG_WARN_NON_LITERAL_NULL_CONVERSION = YES;
				CLANG_WARN_OBJC_IMPLICIT_RETAIN_SELF = YES;
				CLANG_WARN_OBJC_LITERAL_CONVERSION = YES;
				CLANG_WARN_OBJC_ROOT_CLASS = YES_ERROR;
				CLANG_WARN_RANGE_LOOP_ANALYSIS = YES;
				CLANG_WARN_STRICT_PROTOTYPES = YES;
				CLANG_WARN_SUSPICIOUS_MOVE = YES;
				CLANG_WARN_UNGUARDED_AVAILABILITY = YES_AGGRESSIVE;
				CLANG_WARN_UNREACHABLE_CODE = YES;
				CLANG_WARN__DUPLICATE_METHOD_MATCH = YES;
				CODE_SIGN_IDENTITY = "iPhone Developer";
				COPY_PHASE_STRIP = NO;
				DEBUG_INFORMATION_FORMAT = "dwarf-with-dsym";
				ENABLE_NS_ASSERTIONS = NO;
				ENABLE_STRICT_OBJC_MSGSEND = YES;
				GCC_C_LANGUAGE_STANDARD = gnu11;
				GCC_NO_COMMON_BLOCKS = YES;
				GCC_WARN_64_TO_32_BIT_CONVERSION = YES;
				GCC_WARN_ABOUT_RETURN_TYPE = YES_ERROR;
				GCC_WARN_UNDECLARED_SELECTOR = YES;
				GCC_WARN_UNINITIALIZED_AUTOS = YES_AGGRESSIVE;
				GCC_WARN_UNUSED_FUNCTION = YES;
				GCC_WARN_UNUSED_VARIABLE = YES;
				IPHONEOS_DEPLOYMENT_TARGET = 12.2;
				MTL_ENABLE_DEBUG_INFO = NO;
				MTL_FAST_MATH = YES;
				SDKROOT = iphoneos;
				SWIFT_COMPILATION_MODE = wholemodule;
				SWIFT_OPTIMIZATION_LEVEL = "-O";
				VALIDATE_PRODUCT = YES;
			};
			name = Release;
		};
		1807C04022BC0E9A00D11A9B /* Debug */ = {
			isa = XCBuildConfiguration;
			buildSettings = {
				ASSETCATALOG_COMPILER_APPICON_NAME = AppIcon;
				CODE_SIGN_STYLE = Automatic;
				INFOPLIST_FILE = emojional/Info.plist;
				LD_RUNPATH_SEARCH_PATHS = (
					"$(inherited)",
					"@executable_path/Frameworks",
				);
				PRODUCT_BUNDLE_IDENTIFIER = "Rahima-Adnan.emojional";
				PRODUCT_NAME = "$(TARGET_NAME)";
				SWIFT_VERSION = 5.0;
				TARGETED_DEVICE_FAMILY = "1,2";
			};
			name = Debug;
		};
		1807C04122BC0E9A00D11A9B /* Release */ = {
			isa = XCBuildConfiguration;
			buildSettings = {
				ASSETCATALOG_COMPILER_APPICON_NAME = AppIcon;
				CODE_SIGN_STYLE = Automatic;
				INFOPLIST_FILE = emojional/Info.plist;
				LD_RUNPATH_SEARCH_PATHS = (
					"$(inherited)",
					"@executable_path/Frameworks",
				);
				PRODUCT_BUNDLE_IDENTIFIER = "Rahima-Adnan.emojional";
				PRODUCT_NAME = "$(TARGET_NAME)";
				SWIFT_VERSION = 5.0;
				TARGETED_DEVICE_FAMILY = "1,2";
			};
			name = Release;
		};
		1807C04322BC0E9A00D11A9B /* Debug */ = {
			isa = XCBuildConfiguration;
			buildSettings = {
				ALWAYS_EMBED_SWIFT_STANDARD_LIBRARIES = YES;
				BUNDLE_LOADER = "$(TEST_HOST)";
				CODE_SIGN_STYLE = Automatic;
				INFOPLIST_FILE = emojionalTests/Info.plist;
				LD_RUNPATH_SEARCH_PATHS = (
					"$(inherited)",
					"@executable_path/Frameworks",
					"@loader_path/Frameworks",
				);
				PRODUCT_BUNDLE_IDENTIFIER = "Rahima-Adnan.emojionalTests";
				PRODUCT_NAME = "$(TARGET_NAME)";
				SWIFT_VERSION = 5.0;
				TARGETED_DEVICE_FAMILY = "1,2";
				TEST_HOST = "$(BUILT_PRODUCTS_DIR)/emojional.app/emojional";
			};
			name = Debug;
		};
		1807C04422BC0E9A00D11A9B /* Release */ = {
			isa = XCBuildConfiguration;
			buildSettings = {
				ALWAYS_EMBED_SWIFT_STANDARD_LIBRARIES = YES;
				BUNDLE_LOADER = "$(TEST_HOST)";
				CODE_SIGN_STYLE = Automatic;
				INFOPLIST_FILE = emojionalTests/Info.plist;
				LD_RUNPATH_SEARCH_PATHS = (
					"$(inherited)",
					"@executable_path/Frameworks",
					"@loader_path/Frameworks",
				);
				PRODUCT_BUNDLE_IDENTIFIER = "Rahima-Adnan.emojionalTests";
				PRODUCT_NAME = "$(TARGET_NAME)";
				SWIFT_VERSION = 5.0;
				TARGETED_DEVICE_FAMILY = "1,2";
				TEST_HOST = "$(BUILT_PRODUCTS_DIR)/emojional.app/emojional";
			};
			name = Release;
		};
		1807C04622BC0E9A00D11A9B /* Debug */ = {
			isa = XCBuildConfiguration;
			buildSettings = {
				ALWAYS_EMBED_SWIFT_STANDARD_LIBRARIES = YES;
				CODE_SIGN_STYLE = Automatic;
				INFOPLIST_FILE = emojionalUITests/Info.plist;
				LD_RUNPATH_SEARCH_PATHS = (
					"$(inherited)",
					"@executable_path/Frameworks",
					"@loader_path/Frameworks",
				);
				PRODUCT_BUNDLE_IDENTIFIER = "Rahima-Adnan.emojionalUITests";
				PRODUCT_NAME = "$(TARGET_NAME)";
				SWIFT_VERSION = 5.0;
				TARGETED_DEVICE_FAMILY = "1,2";
				TEST_TARGET_NAME = emojional;
			};
			name = Debug;
		};
		1807C04722BC0E9A00D11A9B /* Release */ = {
			isa = XCBuildConfiguration;
			buildSettings = {
				ALWAYS_EMBED_SWIFT_STANDARD_LIBRARIES = YES;
				CODE_SIGN_STYLE = Automatic;
				INFOPLIST_FILE = emojionalUITests/Info.plist;
				LD_RUNPATH_SEARCH_PATHS = (
					"$(inherited)",
					"@executable_path/Frameworks",
					"@loader_path/Frameworks",
				);
				PRODUCT_BUNDLE_IDENTIFIER = "Rahima-Adnan.emojionalUITests";
				PRODUCT_NAME = "$(TARGET_NAME)";
				SWIFT_VERSION = 5.0;
				TARGETED_DEVICE_FAMILY = "1,2";
				TEST_TARGET_NAME = emojional;
			};
			name = Release;
		};
/* End XCBuildConfiguration section */

/* Begin XCConfigurationList section */
		1807C01222BC0E9800D11A9B /* Build configuration list for PBXProject "emojional" */ = {
			isa = XCConfigurationList;
			buildConfigurations = (
				1807C03D22BC0E9A00D11A9B /* Debug */,
				1807C03E22BC0E9A00D11A9B /* Release */,
			);
			defaultConfigurationIsVisible = 0;
			defaultConfigurationName = Release;
		};
		1807C03F22BC0E9A00D11A9B /* Build configuration list for PBXNativeTarget "emojional" */ = {
			isa = XCConfigurationList;
			buildConfigurations = (
				1807C04022BC0E9A00D11A9B /* Debug */,
				1807C04122BC0E9A00D11A9B /* Release */,
			);
			defaultConfigurationIsVisible = 0;
			defaultConfigurationName = Release;
		};
		1807C04222BC0E9A00D11A9B /* Build configuration list for PBXNativeTarget "emojionalTests" */ = {
			isa = XCConfigurationList;
			buildConfigurations = (
				1807C04322BC0E9A00D11A9B /* Debug */,
				1807C04422BC0E9A00D11A9B /* Release */,
			);
			defaultConfigurationIsVisible = 0;
			defaultConfigurationName = Release;
		};
		1807C04522BC0E9A00D11A9B /* Build configuration list for PBXNativeTarget "emojionalUITests" */ = {
			isa = XCConfigurationList;
			buildConfigurations = (
				1807C04622BC0E9A00D11A9B /* Debug */,
				1807C04722BC0E9A00D11A9B /* Release */,
			);
			defaultConfigurationIsVisible = 0;
			defaultConfigurationName = Release;
		};
/* End XCConfigurationList section */
	};
	rootObject = 1807C00F22BC0E9800D11A9B /* Project object */;
}
